
Microsoft Visual Studio Solution File, Format Version 12.00
# Visual Studio Version 17
VisualStudioVersion = 17.5.33530.505
MinimumVisualStudioVersion = 10.0.40219.1
Project("{FAE04EC0-301F-11D3-BF4B-00C04F79EFBC}") = "TestOrtCsharp", "TestOrtCsharp\TestOrtCsharp.csproj", "{5C161058-AA0D-42A0-9AE9-758B98508596}"
EndProject
Global
	GlobalSection(SolutionConfigurationPlatforms) = preSolution
		Debug|Any CPU = Debug|Any CPU
		Release|Any CPU = Release|Any CPU
	EndGlobalSection
	GlobalSection(ProjectConfigurationPlatforms) = postSolution
		{5C161058-AA0D-42A0-9AE9-758B98508596}.Debug|Any CPU.ActiveCfg = Debug|Any CPU
		{5C161058-AA0D-42A0-9AE9-758B98508596}.Debug|Any CPU.Build.0 = Debug|Any CPU
		{5C161058-AA0D-42A0-9AE9-758B98508596}.Release|Any CPU.ActiveCfg = Release|Any CPU
		{5C161058-AA0D-42A0-9AE9-758B98508596}.Release|Any CPU.Build.0 = Release|Any CPU
	EndGlobalSection
	GlobalSection(SolutionProperties) = preSolution
		HideSolutionNode = FALSE
	EndGlobalSection
	GlobalSection(ExtensibilityGlobals) = postSolution
		SolutionGuid = {98440C8B-326E-43DE-8F59-3356C1D4C058}
	EndGlobalSection
EndGlobal
